
Microsoft Visual Studio Solution File, Format Version 12.00
# Visual Studio 2012
Project("{FAE04EC0-301F-11D3-BF4B-00C04F79EFBC}") = "SevenSegmentsApi", "SevenSegmentsApi\SevenSegmentsApi.csproj", "{8DFD19E5-EC40-413B-BD2A-5CBF16D4C1E7}"
EndProject
Project("{FAE04EC0-301F-11D3-BF4B-00C04F79EFBC}") = "SevenSegmentsExample", "SevenSegmentsConsole\SevenSegmentsExample.csproj", "{B70039B9-0289-4CC9-871A-8BCC369B7E88}"
EndProject
Global
	GlobalSection(SolutionConfigurationPlatforms) = preSolution
		Debug|Any CPU = Debug|Any CPU
		Release|Any CPU = Release|Any CPU
	EndGlobalSection
	GlobalSection(ProjectConfigurationPlatforms) = postSolution
		{8DFD19E5-EC40-413B-BD2A-5CBF16D4C1E7}.Debug|Any CPU.ActiveCfg = Debug|Any CPU
		{8DFD19E5-EC40-413B-BD2A-5CBF16D4C1E7}.Debug|Any CPU.Build.0 = Debug|Any CPU
		{8DFD19E5-EC40-413B-BD2A-5CBF16D4C1E7}.Release|Any CPU.ActiveCfg = Release|Any CPU
		{8DFD19E5-EC40-413B-BD2A-5CBF16D4C1E7}.Release|Any CPU.Build.0 = Release|Any CPU
		{B70039B9-0289-4CC9-871A-8BCC369B7E88}.Debug|Any CPU.ActiveCfg = Debug|Any CPU
		{B70039B9-0289-4CC9-871A-8BCC369B7E88}.Debug|Any CPU.Build.0 = Debug|Any CPU
		{B70039B9-0289-4CC9-871A-8BCC369B7E88}.Release|Any CPU.ActiveCfg = Release|Any CPU
		{B70039B9-0289-4CC9-871A-8BCC369B7E88}.Release|Any CPU.Build.0 = Release|Any CPU
	EndGlobalSection
	GlobalSection(MonoDevelopProperties) = preSolution
		StartupItem = SevenSegmentsConsole\SevenSegmentsExample.csproj
	EndGlobalSection
EndGlobal
